
Microsoft Visual Studio Solution File, Format Version 11.00
# Visual Studio 2010
Project("{FAE04EC0-301F-11D3-BF4B-00C04F79EFBC}") = "Assembly-CSharp", "Assembly-CSharp.csproj", "{A99F3788-5F25-A138-C5BF-CC2CABD53826}"
EndProject
Project("{FAE04EC0-301F-11D3-BF4B-00C04F79EFBC}") = "Assembly-CSharp-firstpass", "Assembly-CSharp-firstpass.csproj", "{229ED318-AD48-B68E-F873-BC70359939A6}"
EndProject
Project("{FAE04EC0-301F-11D3-BF4B-00C04F79EFBC}") = "Assembly-CSharp-Editor-firstpass", "Assembly-CSharp-Editor-firstpass.csproj", "{50193E73-BCE8-8C49-00EE-F33F4612FD98}"
EndProject
Global
	GlobalSection(SolutionConfigurationPlatforms) = preSolution
		Debug|Any CPU = Debug|Any CPU
		Release|Any CPU = Release|Any CPU
	EndGlobalSection
	GlobalSection(ProjectConfigurationPlatforms) = postSolution
		{A99F3788-5F25-A138-C5BF-CC2CABD53826}.Debug|Any CPU.ActiveCfg = Debug|Any CPU
		{A99F3788-5F25-A138-C5BF-CC2CABD53826}.Debug|Any CPU.Build.0 = Debug|Any CPU
		{A99F3788-5F25-A138-C5BF-CC2CABD53826}.Release|Any CPU.ActiveCfg = Release|Any CPU
		{A99F3788-5F25-A138-C5BF-CC2CABD53826}.Release|Any CPU.Build.0 = Release|Any CPU
		{229ED318-AD48-B68E-F873-BC70359939A6}.Debug|Any CPU.ActiveCfg = Debug|Any CPU
		{229ED318-AD48-B68E-F873-BC70359939A6}.Debug|Any CPU.Build.0 = Debug|Any CPU
		{229ED318-AD48-B68E-F873-BC70359939A6}.Release|Any CPU.ActiveCfg = Release|Any CPU
		{229ED318-AD48-B68E-F873-BC70359939A6}.Release|Any CPU.Build.0 = Release|Any CPU
		{50193E73-BCE8-8C49-00EE-F33F4612FD98}.Debug|Any CPU.ActiveCfg = Debug|Any CPU
		{50193E73-BCE8-8C49-00EE-F33F4612FD98}.Debug|Any CPU.Build.0 = Debug|Any CPU
		{50193E73-BCE8-8C49-00EE-F33F4612FD98}.Release|Any CPU.ActiveCfg = Release|Any CPU
		{50193E73-BCE8-8C49-00EE-F33F4612FD98}.Release|Any CPU.Build.0 = Release|Any CPU
	EndGlobalSection
	GlobalSection(SolutionProperties) = preSolution
		HideSolutionNode = FALSE
	EndGlobalSection
EndGlobal
